
Microsoft Visual Studio Solution File, Format Version 12.00
# Visual Studio Version 17
VisualStudioVersion = 17.0.32014.148
MinimumVisualStudioVersion = 10.0.40219.1
Project("{FAE04EC0-301F-11D3-BF4B-00C04F79EFBC}") = "TModel", "TModel.csproj", "{CF47D722-C092-47A1-BD80-36397D19357A}"
EndProject
Global
	GlobalSection(SolutionConfigurationPlatforms) = preSolution
		Debug|Any CPU = Debug|Any CPU
		Release|Any CPU = Release|Any CPU
	EndGlobalSection
	GlobalSection(ProjectConfigurationPlatforms) = postSolution
		{CF47D722-C092-47A1-BD80-36397D19357A}.Debug|Any CPU.ActiveCfg = Debug|Any CPU
		{CF47D722-C092-47A1-BD80-36397D19357A}.Debug|Any CPU.Build.0 = Debug|Any CPU
		{CF47D722-C092-47A1-BD80-36397D19357A}.Release|Any CPU.ActiveCfg = Release|Any CPU
		{CF47D722-C092-47A1-BD80-36397D19357A}.Release|Any CPU.Build.0 = Release|Any CPU
	EndGlobalSection
	GlobalSection(SolutionProperties) = preSolution
		HideSolutionNode = FALSE
	EndGlobalSection
	GlobalSection(ExtensibilityGlobals) = postSolution
		SolutionGuid = {551DA8A3-35D4-41F6-A7A0-2BB05D6E2600}
	EndGlobalSection
EndGlobal
